version: 2.0
shards:
  ameba:
    git: https://github.com/crystal-ameba/ameba.git
    version: 1.6.4

  coffee:
    git: https://github.com/636f7374/coffee.cr.git
    version: 0.1.1

  durian:
    git: https://github.com/636f7374/durian.cr.git
    version: 0.1.5

  fast_irc:
    git: https://github.com/rx14/fast_irc.cr.git
    version: 0.3.4

  ipaddress:
    git: https://github.com/64726f70/ipaddress.cr.git
    version: 1.0.0

  wrench:
    git: https://github.com/73686f77/wrench.cr.git
    version: 0.1.3
